
Microsoft Visual Studio Solution File, Format Version 12.00
# Visual Studio 15
VisualStudioVersion = 15.0.28307.779
MinimumVisualStudioVersion = 10.0.40219.1
Project("{FAE04EC0-301F-11D3-BF4B-00C04F79EFBC}") = "Calc", "Calc\Calc.csproj", "{85B4F6C6-BE42-420A-AE6C-BFC5682ED8DD}"
EndProject
Project("{9A19103F-16F7-4668-BE54-9A1E7A4F7556}") = "CalcTest", "CalcTest\CalcTest.csproj", "{81498C8A-6856-4936-B7D6-5A056C07F999}"
EndProject
Global
	GlobalSection(SolutionConfigurationPlatforms) = preSolution
		Debug|Any CPU = Debug|Any CPU
		Release|Any CPU = Release|Any CPU
	EndGlobalSection
	GlobalSection(ProjectConfigurationPlatforms) = postSolution
		{85B4F6C6-BE42-420A-AE6C-BFC5682ED8DD}.Debug|Any CPU.ActiveCfg = Debug|Any CPU
		{85B4F6C6-BE42-420A-AE6C-BFC5682ED8DD}.Debug|Any CPU.Build.0 = Debug|Any CPU
		{85B4F6C6-BE42-420A-AE6C-BFC5682ED8DD}.Release|Any CPU.ActiveCfg = Release|Any CPU
		{85B4F6C6-BE42-420A-AE6C-BFC5682ED8DD}.Release|Any CPU.Build.0 = Release|Any CPU
		{81498C8A-6856-4936-B7D6-5A056C07F999}.Debug|Any CPU.ActiveCfg = Debug|Any CPU
		{81498C8A-6856-4936-B7D6-5A056C07F999}.Debug|Any CPU.Build.0 = Debug|Any CPU
		{81498C8A-6856-4936-B7D6-5A056C07F999}.Release|Any CPU.ActiveCfg = Release|Any CPU
		{81498C8A-6856-4936-B7D6-5A056C07F999}.Release|Any CPU.Build.0 = Release|Any CPU
	EndGlobalSection
	GlobalSection(SolutionProperties) = preSolution
		HideSolutionNode = FALSE
	EndGlobalSection
	GlobalSection(ExtensibilityGlobals) = postSolution
		SolutionGuid = {6BFBEC80-2941-4D90-BD18-A10C80B61EDD}
	EndGlobalSection
EndGlobal
